<?xml version="1.0" encoding="utf-8"?>
<Project ToolsVersion="4.0" xmlns="http://schemas.microsoft.com/developer/msbuild/2003">
  <ItemGroup>
    <Filter Include="Base">
      <UniqueIdentifier>{1c98c4fb-9707-426b-a201-34ac3e67a8b2}</UniqueIdentifier>
    </Filter>
    <Filter Include="Base\WinApp">
      <UniqueIdentifier>{462a9002-3624-4299-94f8-f5cae2c6bc47}</UniqueIdentifier>
    </Filter>
    <Filter Include="Base\System">
      <UniqueIdentifier>{28c8237c-76f2-4206-b27b-2bd82013edd3}</UniqueIdentifier>
    </Filter>
    <Filter Include="Base\DiretcXCommon">
      <UniqueIdentifier>{c0d67bf1-299b-41a3-8809-e7d25a762bb4}</UniqueIdentifier>
    </Filter>
    <Filter Include="lib">
      <UniqueIdentifier>{3839f464-5060-4965-af5a-81b2fbed3821}</UniqueIdentifier>
    </Filter>
    <Filter Include="lib\Logger">
      <UniqueIdentifier>{6f896f10-c22a-414b-b6b6-a8dd320b9560}</UniqueIdentifier>
    </Filter>
    <Filter Include="lib\Comptr">
      <UniqueIdentifier>{03ab6262-bee2-4b09-a4b3-35b2d3079e32}</UniqueIdentifier>
    </Filter>
  </ItemGroup>
  <ItemGroup>
    <ClCompile Include="main.cpp" />
    <ClCompile Include="Engine\Base\DirectXCommon\DirectXCommon.cpp" />
    <ClCompile Include="Engine\lib\Logger\Logger.cpp" />
    <ClCompile Include="Engine\Base\System\System.cpp" />
    <ClCompile Include="Engine\Base\WinApp\WinApp.cpp" />
    <ClCompile Include="Engine\Base\PSO\Compiler\Compiler.cpp" />
    <ClCompile Include="Engine\Base\PSO\PipelineManager\PipelineManager.cpp" />
    <ClCompile Include="Engine\Base\PSO\RootSignature\RootSignature.cpp" />
    <ClCompile Include="Engine\Base\PSO\Inputlayout\InputLayout.cpp" />
    <ClCompile Include="Engine\Base\PSO\BlendState\BlendState.cpp" />
    <ClCompile Include="Engine\Base\PSO\RasterizerState\RasterizerState.cpp" />
    <ClCompile Include="Engine\Base\Mesh\Mesh.cpp" />
    <ClCompile Include="Engine\lib\Input\Input.cpp" />
    <ClCompile Include="Engine\lib\StringUtility\StringUtility.cpp" />
    <ClCompile Include="Engine\lib\Math\MyMath.cpp" />
    <ClCompile Include="Engine\Base\2d\Sprite\Sprite.cpp" />
    <ClCompile Include="externals\imgui\imgui.cpp" />
    <ClCompile Include="externals\imgui\imgui_demo.cpp" />
    <ClCompile Include="externals\imgui\imgui_draw.cpp" />
    <ClCompile Include="externals\imgui\imgui_impl_dx12.cpp" />
    <ClCompile Include="externals\imgui\imgui_impl_win32.cpp" />
    <ClCompile Include="externals\imgui\imgui_tables.cpp" />
    <ClCompile Include="externals\imgui\imgui_widgets.cpp" />
    <ClCompile Include="Engine\Base\TextureManager\TextureManager.cpp" />
    <ClCompile Include="Engine\Base\3d\Object3d\Object3d.cpp" />
    <ClCompile Include="Engine\Base\3d\Model\Model.cpp" />
    <ClCompile Include="Engine\Base\ModelManager\ModelManager.cpp" />
    <ClCompile Include="Engine\Base\Camera\Camera.cpp" />
    <ClCompile Include="Engine\Base\SrvManager\SrvManager.cpp" />
    <ClCompile Include="Engine\Base\ImGuiManager\ImGuiManager.cpp" />
    <ClCompile Include="Engine\Base\Audio\Audio.cpp" />
    <ClCompile Include="Engine\Base\MyGame\MyGame.cpp" />
    <ClCompile Include="Game\Scene\GameScene.cpp" />
    <ClCompile Include="Game\Scene\TitleScene.cpp" />
    <ClCompile Include="Game\Scene\IScene.cpp" />
    <ClCompile Include="Game\Scene\SceneManager.cpp" />
    <ClCompile Include="Game\Scene\AbstractSceneFactory.cpp" />
    <ClCompile Include="Game\Scene\SceneFactory.cpp" />
    <ClCompile Include="Engine\Base\Particle\ParticleManager.cpp" />
    <ClCompile Include="Engine\Base\Particle\ParticleEmitter.cpp" />
    <ClCompile Include="Engine\Base\OffscreenRendering\OffscreenRendering.cpp" />
    <ClCompile Include="Engine\Base\3d\Skybox\Skybox.cpp" />
    <ClCompile Include="Engine\Base\Loader\Loader.cpp" />
    <ClCompile Include="Engine\lib\Network\Network.cpp" />
    <ClCompile Include="Engine\lib\Network\RankingManager.cpp" />
  </ItemGroup>
  <ItemGroup>
    <ClInclude Include="Engine\lib\ComPtr\ComPtr.h" />
    <ClInclude Include="Engine\Base\DirectXCommon\DirectXCommon.h" />
    <ClInclude Include="Engine\lib\Logger\Logger.h" />
    <ClInclude Include="Engine\Base\System\System.h" />
    <ClInclude Include="Engine\Base\WinApp\WinApp.h" />
    <ClInclude Include="Engine\Base\PSO\Compiler\Compiler.h" />
    <ClInclude Include="Engine\Base\PSO\PipelineManager\PipelineManager.h" />
    <ClInclude Include="Engine\Base\PSO\RootSignature\RootSignature.h" />
    <ClInclude Include="Engine\Base\PSO\Inputlayout\InputLayout.h" />
    <ClInclude Include="Engine\Base\PSO\BlendState\BlendState.h" />
    <ClInclude Include="Engine\Base\PSO\RasterizerState\RasterizerState.h" />
    <ClInclude Include="Engine\Base\Mesh\Mesh.h" />
    <ClInclude Include="Engine\lib\Vector\Vector.h" />
    <ClInclude Include="Engine\lib\Input\Input.h" />
    <ClInclude Include="Engine\lib\StringUtility\StringUtility.h" />
    <ClInclude Include="Engine\lib\Math\MyMath.h" />
    <ClInclude Include="Engine\lib\Network\Matrix\Matrix.h" />
    <ClInclude Include="Engine\Base\2d\Sprite\Sprite.h" />
    <ClInclude Include="externals\imgui\imconfig.h" />
    <ClInclude Include="externals\imgui\imgui.h" />
    <ClInclude Include="externals\imgui\imgui_impl_dx12.h" />
    <ClInclude Include="externals\imgui\imgui_impl_win32.h" />
    <ClInclude Include="externals\imgui\imgui_internal.h" />
    <ClInclude Include="externals\imgui\imstb_rectpack.h" />
    <ClInclude Include="externals\imgui\imstb_textedit.h" />
    <ClInclude Include="externals\imgui\imstb_truetype.h" />
    <ClInclude Include="Engine\Base\TextureManager\TextureManager.h" />
    <ClInclude Include="Engine\Base\3d\Object3d\Object3d.h" />
    <ClInclude Include="Engine\Base\3d\Model\Model.h" />
    <ClInclude Include="Engine\Base\ModelManager\ModelManager.h" />
    <ClInclude Include="Engine\Base\Camera\Camera.h" />
    <ClInclude Include="struct.h" />
    <ClInclude Include="Engine\Base\SrvManager\SrvManager.h" />
    <ClInclude Include="Engine\Base\ImGuiManager\ImGuiManager.h" />
    <ClInclude Include="Engine\Base\Audio\Audio.h" />
    <ClInclude Include="Engine\Base\MyGame\MyGame.h" />
    <ClInclude Include="Game\Scene\GameScene.h" />
    <ClInclude Include="Game\Scene\TitleScene.h" />
    <ClInclude Include="Game\Scene\IScene.h" />
    <ClInclude Include="Game\Scene\SceneManager.h" />
    <ClInclude Include="Game\Scene\AbstractSceneFactory.h" />
    <ClInclude Include="Game\Scene\SceneFactory.h" />
    <ClInclude Include="Engine\Base\Particle\ParticleManager.h" />
    <ClInclude Include="Engine\Base\Particle\ParticleEmitter.h" />
    <ClInclude Include="Engine\Base\OffscreenRendering\OffscreenRendering.h" />
    <ClInclude Include="Engine\Base\3d\Skybox\Skybox.h" />
    <ClInclude Include="Engine\Base\Loader\Loader.h" />
    <ClInclude Include="Engine\lib\Network\Network.h" />
    <ClInclude Include="Engine\lib\Network\RankingManager.h" />
  </ItemGroup>
  <ItemGroup>
    <Text Include="externals\imgui\LICENSE.txt" />
  </ItemGroup>
</Project>